version = 1
revision = 3
requires-python = ">=3.14"

[[package]]
name = "click"
version = "8.4.2"
source = { registry = "https://pypi.org/simple" }
dependencies = [
    { name = "colorama", marker = "sys_platform == 'win32'" },
]
sdist = { url = "https://files.pythonhosted.org/packages/76/d4/81420972a676e8ffea40450d8c8c92943e7218a78fe9b64359836cc9876b/click-8.4.2.tar.gz", hash = "sha256:9a6cea6e60b17ebe0a44c5cc636d94f09bd66142c1cd7d8b4cd731c4917a15f6", size = 338000, upload-time = "2026-06-24T17:45:15.148Z" }
wheels = [
    { url = "https://files.pythonhosted.org/packages/fb/e2/79c688af8b210d232694e31e59da9f6ec747bae31c3f5946e4e9b98860d5/click-8.4.2-py3-none-any.whl", hash = "sha256:e6f9f66136c816745b9d65817da91d61d957fb16e02e4dcd0552553c5a197b76", size = 119243, upload-time = "2026-06-24T17:45:13.73Z" },
]

[[package]]
name = "colorama"
version = "0.4.6"
source = { registry = "https://pypi.org/simple" }
sdist = { url = "https://files.pythonhosted.org/packages/d8/53/6f443c9a4a8358a93a6792e2acffb9d9d5cb0a5cfd8802644b7b1c9a02e4/colorama-0.4.6.tar.gz", hash = "sha256:08695f5cb7ed6e0531a20572697297273c47b8cae5a63ffc6d6ed5c201be6e44", size = 27697, upload-time = "2022-10-25T02:36:22.414Z" }
wheels = [
    { url = "https://files.pythonhosted.org/packages/d1/d6/3965ed04c63042e047cb6a3e6ed1a63a35087b6a609aa3a15ed8ac56c221/colorama-0.4.6-py2.py3-none-any.whl", hash = "sha256:4f1d9991f5acc0ca119f9d443620b77f9d6b33703e51011c16baf57afb285fc6", size = 25335, upload-time = "2022-10-25T02:36:20.889Z" },
]

[[package]]
name = "grpcio"
version = "1.83.0"
source = { registry = "https://pypi.org/simple" }
dependencies = [
    { name = "typing-extensions" },
]
sdist = { url = "https://files.pythonhosted.org/packages/0c/98/304898ac4e04e2d5e4e4c2eadc178b1f2a16d5f4bc2f91306c87d64680b9/grpcio-1.83.0.tar.gz", hash = "sha256:7674587248fbbb2ac6e4eecf83a8a0f3d91a928f941de571acfd3a2f007fbc24", size = 13428824, upload-time = "2026-07-23T15:20:37.759Z" }
wheels = [
    { url = "https://files.pythonhosted.org/packages/9c/60/f2cca8147ea213d3e43ae9158d03ad04e020fdf32ff027253e1fe93f921d/grpcio-1.83.0-cp314-cp314-linux_armv7l.whl", hash = "sha256:3f351629f6ae16ecc0ec3553e586a6763ffd9f6114044286d0cbec3e09241bfa", size = 6305607, upload-time = "2026-07-23T15:20:15.353Z" },
    { url = "https://files.pythonhosted.org/packages/d0/ab/d3874931d123a95e83a3ebf8aa04537988fb62425cedb8bf3cefc5ad41b2/grpcio-1.83.0-cp314-cp314-macosx_11_0_universal2.whl", hash = "sha256:d05ff664100d429335b93c91b8b34ddf9e94a112205e7fa06dede309e44a4e4c", size = 12166617, upload-time = "2026-07-23T15:20:17.435Z" },
    { url = "https://files.pythonhosted.org/packages/92/ff/6f18f9426b69306f4e00a9add3b0ee2748da8aad53836ef80cab0d62d04f/grpcio-1.83.0-cp314-cp314-manylinux2014_aarch64.manylinux_2_17_aarch64.whl", hash = "sha256:7936f2a56cf04f6514705c0fedf400971de01b6aa1719327e4718f410a765e2b", size = 6880213, upload-time = "2026-07-23T15:20:19.98Z" },
    { url = "https://files.pythonhosted.org/packages/70/21/706d1147c6b93b98f179240c13991fbcc56880eba0c868abb1ad40d8a0a6/grpcio-1.83.0-cp314-cp314-manylinux2014_i686.manylinux_2_17_i686.whl", hash = "sha256:b0a0be840e51b6b7ee9df9269770faf77bdf4b771053c257c21d12bad607714c", size = 7618335, upload-time = "2026-07-23T15:20:22.161Z" },
    { url = "https://files.pythonhosted.org/packages/74/04/1a8443c889115ec9e213a213e86bc93a71ee9088027e5befa09aaa0edd9d/grpcio-1.83.0-cp314-cp314-manylinux2014_x86_64.manylinux_2_17_x86_64.whl", hash = "sha256:009667eaf3dcd5224c713589cdc98e7ca4ed0ff0b61132c6b276e930eb83a2df", size = 7043416, upload-time = "2026-07-23T15:20:24.209Z" },
    { url = "https://files.pythonhosted.org/packages/86/c6/94e0fee5b12bc1da1370185b680988db6f739d19b42d9959db01a7ea50bf/grpcio-1.83.0-cp314-cp314-musllinux_1_2_aarch64.whl", hash = "sha256:bb669918fd88936b15599caff4160a77ab74bdeb25f2231f6e45b61282d6107b", size = 7583253, upload-time = "2026-07-23T15:20:26.313Z" },
    { url = "https://files.pythonhosted.org/packages/a0/97/de1ccb671fb85575bc5192faedf9ecdbdf5b390d2e6584dcf552bcbd370e/grpcio-1.83.0-cp314-cp314-musllinux_1_2_i686.whl", hash = "sha256:c19b454d3d3f28db81f2c7c4dbaee96e7f6fd149721733ffe79d6bc530f17404", size = 8605102, upload-time = "2026-07-23T15:20:28.437Z" },
    { url = "https://files.pythonhosted.org/packages/17/0f/0e0ec749a7034ffcbaa050e39779872950ead90c22e7e0116be3f28b2b46/grpcio-1.83.0-cp314-cp314-musllinux_1_2_x86_64.whl", hash = "sha256:61007cd08640abc5c54547ee32505474c482cd733a53cb87551ea81faa6350af", size = 7979826, upload-time = "2026-07-23T15:20:31.182Z" },
    { url = "https://files.pythonhosted.org/packages/83/fa/c3fda157287f64bc65acee6c5aa90c41acf9e0d3a8e69a265eecff6d00a1/grpcio-1.83.0-cp314-cp314-win32.whl", hash = "sha256:32e11c37f5285b0c6fa3042c05fe06903696689749833fc64e67dec71b9bbe33", size = 4471765, upload-time = "2026-07-23T15:20:33.195Z" },
    { url = "https://files.pythonhosted.org/packages/a1/00/b1b26431c9d54eee11724fd6e5585473a2ed47fbc1fb95e5204906a642ce/grpcio-1.83.0-cp314-cp314-win_amd64.whl", hash = "sha256:2bb48cb5e6dd005ca12b89ce4b6ac0b48ff3112c747542ee7986ef611a8ca6d9", size = 5298932, upload-time = "2026-07-23T15:20:35.48Z" },
]

[[package]]
name = "grpcio-tools"
version = "1.83.0"
source = { registry = "https://pypi.org/simple" }
dependencies = [
    { name = "grpcio" },
    { name = "protobuf" },
    { name = "setuptools" },
]
sdist = { url = "https://files.pythonhosted.org/packages/c1/b1/50b17b3a2ba8970dbb00b2035a4df218bc6ec88d2d77fc7da4e42e1c7b19/grpcio_tools-1.83.0.tar.gz", hash = "sha256:515907265d14fa9975d0c7723f95a9da01463d7ac607546a03f8741f86a1bb07", size = 6400437, upload-time = "2026-07-23T15:22:18.313Z" }
wheels = [
    { url = "https://files.pythonhosted.org/packages/b2/bd/3abb9c200f90110805553ca0e8f7908a0b89485ea99bb271daa37eaafb72/grpcio_tools-1.83.0-cp314-cp314-linux_armv7l.whl", hash = "sha256:1ea047ff4bd2bb32fe5268042cb9c9e7bb054e932b52ad756642622f032ef656", size = 2652841, upload-time = "2026-07-23T15:21:58.726Z" },
    { url = "https://files.pythonhosted.org/packages/a2/46/d5beb04f0ffe552e55eaddd3413786e17a1fa68edb2fd8398969c38bc7e8/grpcio_tools-1.83.0-cp314-cp314-macosx_11_0_universal2.whl", hash = "sha256:7a8ac9cb3fbf7a5e4fe59f211e77b4fa4d51279c9f480e6ff98037cf56da1ad8", size = 5963493, upload-time = "2026-07-23T15:22:00.547Z" },
    { url = "https://files.pythonhosted.org/packages/40/1b/d8e01ca3281cb59722372c415024a7e70e8a653e70e2075e875394e4f761/grpcio_tools-1.83.0-cp314-cp314-manylinux2014_aarch64.manylinux_2_17_aarch64.whl", hash = "sha256:a5fa95fb33a600d2491867a1048f47baa27a830eac01f475043b8ccf63a471eb", size = 2705303, upload-time = "2026-07-23T15:22:02.448Z" },
    { url = "https://files.pythonhosted.org/packages/83/43/75b382d8f116e274ce639ec55a6908dc792627b01d3c47b4f8991701203b/grpcio_tools-1.83.0-cp314-cp314-manylinux2014_i686.manylinux_2_17_i686.whl", hash = "sha256:0ca67941524662e01adea91571bb79df1ac9b4b2641812ef8636e21945119bee", size = 3033047, upload-time = "2026-07-23T15:22:04.445Z" },
    { url = "https://files.pythonhosted.org/packages/0f/9f/200fb55729b735192fded061f53aa37c88cf9f58933cb108e16f5c1fd967/grpcio_tools-1.83.0-cp314-cp314-manylinux2014_x86_64.manylinux_2_17_x86_64.whl", hash = "sha256:e2a5816a5b6b06b42a6989f02944841c2a8b3daaa7f033dac9267f70078028ef", size = 2773830, upload-time = "2026-07-23T15:22:06.519Z" },
    { url = "https://files.pythonhosted.org/packages/d1/bc/e585c4e255599ec45f2e07e0f570352158354285afd65ef30ceda97b445e/grpcio_tools-1.83.0-cp314-cp314-musllinux_1_2_aarch64.whl", hash = "sha256:f4a83f002895b11c4a862c366d77165825e0064aff14bf2c7453f59f66599b0e", size = 3229907, upload-time = "2026-07-23T15:22:08.358Z" },
    { url = "https://files.pythonhosted.org/packages/4d/a1/0c098b4ff64d948666b79d0036ce104b8c2209e6f4d1594046044dcfa25d/grpcio_tools-1.83.0-cp314-cp314-musllinux_1_2_i686.whl", hash = "sha256:1cfee967ae073bc064862971871229248965422f38556096aec76db19d8a8c79", size = 3802600, upload-time = "2026-07-23T15:22:10.393Z" },
    { url = "https://files.pythonhosted.org/packages/d4/e1/249047aab0da8c6b3b2e0156e6868aa0b598973ddf53f59186c43664ff96/grpcio_tools-1.83.0-cp314-cp314-musllinux_1_2_x86_64.whl", hash = "sha256:f7e82ee718ae09f879cb832e4517a56691de24383a2da673be184ad8b18e452f", size = 3461307, upload-time = "2026-07-23T15:22:12.33Z" },
    { url = "https://files.pythonhosted.org/packages/39/aa/11a228c47acecde2e05715bda4480e5a695690e00776c1db391e5a02c1f7/grpcio_tools-1.83.0-cp314-cp314-win32.whl", hash = "sha256:846fd211ebb72f50d39d3874cc0d616c2b9bcb71db51121ca86af29eec013c74", size = 1045047, upload-time = "2026-07-23T15:22:14.23Z" },
    { url = "https://files.pythonhosted.org/packages/30/b1/d1f150b2ab3b4ae9932c05104fe1edbcb7fbf505587ea8db99e49341a05f/grpcio_tools-1.83.0-cp314-cp314-win_amd64.whl", hash = "sha256:b8c9686b0c19f70b63d8d6cfeff5ad3480bdedecd60f14711fe43950f5397253", size = 1224199, upload-time = "2026-07-23T15:22:16.064Z" },
]

[[package]]
name = "natsort"
version = "8.4.0"
source = { registry = "https://pypi.org/simple" }
sdist = { url = "https://files.pythonhosted.org/packages/e2/a9/a0c57aee75f77794adaf35322f8b6404cbd0f89ad45c87197a937764b7d0/natsort-8.4.0.tar.gz", hash = "sha256:45312c4a0e5507593da193dedd04abb1469253b601ecaf63445ad80f0a1ea581", size = 76575, upload-time = "2023-06-20T04:17:19.925Z" }
wheels = [
    { url = "https://files.pythonhosted.org/packages/ef/82/7a9d0550484a62c6da82858ee9419f3dd1ccc9aa1c26a1e43da3ecd20b0d/natsort-8.4.0-py3-none-any.whl", hash = "sha256:4732914fb471f56b5cce04d7bae6f164a592c7712e1c85f9ef585e197299521c", size = 38268, upload-time = "2023-06-20T04:17:17.522Z" },
]

[[package]]
name = "overrides"
version = "7.7.0"
source = { registry = "https://pypi.org/simple" }
sdist = { url = "https://files.pythonhosted.org/packages/36/86/b585f53236dec60aba864e050778b25045f857e17f6e5ea0ae95fe80edd2/overrides-7.7.0.tar.gz", hash = "sha256:55158fa3d93b98cc75299b1e67078ad9003ca27945c76162c1c0766d6f91820a", size = 22812, upload-time = "2024-01-27T21:01:33.423Z" }
wheels = [
    { url = "https://files.pythonhosted.org/packages/2c/ab/fc8290c6a4c722e5514d80f62b2dc4c4df1a68a41d1364e625c35990fcf3/overrides-7.7.0-py3-none-any.whl", hash = "sha256:c7ed9d062f78b8e4c1a7b70bd8796b35ead4d9f510227ef9c5dc7626c60d7e49", size = 17832, upload-time = "2024-01-27T21:01:31.393Z" },
]

[[package]]
name = "protobuf"
version = "7.35.1"
source = { registry = "https://pypi.org/simple" }
sdist = { url = "https://files.pythonhosted.org/packages/da/01/9ef0afd7999eb9badb3a768b4aedd78c86d4c65cfaf1958ab276199e76b4/protobuf-7.35.1.tar.gz", hash = "sha256:ce115a26fe0c39a2c29973d914d327e516a6455464489fe3cd1e51a1b354f81a", size = 458717, upload-time = "2026-06-11T21:55:40.257Z" }
wheels = [
    { url = "https://files.pythonhosted.org/packages/10/03/8aeeb7458d22546bf64b5250ca1daeb5ff757d900e8e4a7476c6f0db843e/protobuf-7.35.1-cp310-abi3-macosx_10_9_universal2.whl", hash = "sha256:24f857477359a85c0c235261b8ba905fd51b2562f4a64ca1df5473f29850cbf6", size = 433226, upload-time = "2026-06-11T21:55:31.719Z" },
    { url = "https://files.pythonhosted.org/packages/37/4b/dfb89eb0e652a1ff073c39a59fb5e3a83cfe9b57a2c83fa6d78270101767/protobuf-7.35.1-cp310-abi3-manylinux2014_aarch64.whl", hash = "sha256:11d6b0ec246892d85215b0a13ca6e0233cf5284b68f0ac02646427f4ff88a799", size = 328847, upload-time = "2026-06-11T21:55:34.035Z" },
    { url = "https://files.pythonhosted.org/packages/0f/58/dc12f2cd484951524af6e3382c785869b9b3fb5e52ee95ae23add53ee8f9/protobuf-7.35.1-cp310-abi3-manylinux2014_s390x.whl", hash = "sha256:b73f9489a4b8b1c9cb1f8ed951c736392592edb24b9d6819f36d2e10b171d5b4", size = 344030, upload-time = "2026-06-11T21:55:34.941Z" },
    { url = "https://files.pythonhosted.org/packages/e4/be/5b3cfe508bfab6761414ff944e3366eb13be4fd71efcd69450f89ba39f43/protobuf-7.35.1-cp310-abi3-manylinux2014_x86_64.whl", hash = "sha256:74758715c53d7158fb76caf4f0cfdacc5329a4b1bb994f865d6cf302d413a1c4", size = 327130, upload-time = "2026-06-11T21:55:35.921Z" },
    { url = "https://files.pythonhosted.org/packages/d8/bc/6d6c7ba8709c85f8f2c390b2b118d6fb08a783676a572271851bf45a7d22/protobuf-7.35.1-cp310-abi3-win32.whl", hash = "sha256:353652e4efd0bca5b5fc2656abf8307ef351f0cf938c9eba09f0e09c20a25c30", size = 428945, upload-time = "2026-06-11T21:55:37.034Z" },
    { url = "https://files.pythonhosted.org/packages/0a/19/8d0cb6f20a1ef7b18f1c8986ad5783f22f84cce39c6ce9a6e645ea55192e/protobuf-7.35.1-cp310-abi3-win_amd64.whl", hash = "sha256:230a75ddfc2de4806e56696ce9640c1cdfdb6543b7cfce98d42a4c0a0e7bdb87", size = 439996, upload-time = "2026-06-11T21:55:38.123Z" },
    { url = "https://files.pythonhosted.org/packages/19/c7/5f7c636ec43e0c545e28d1f1db71990108306f7bdcb89f069ba97e428e7f/protobuf-7.35.1-py3-none-any.whl", hash = "sha256:4bc97768d8fe4ad6743c8a19403e314511ed9f6d13205b687e52421c023ac1b9", size = 171659, upload-time = "2026-06-11T21:55:39.155Z" },
]

[[package]]
name = "psutil"
version = "7.2.2"
source = { registry = "https://pypi.org/simple" }
sdist = { url = "https://files.pythonhosted.org/packages/aa/c6/d1ddf4abb55e93cebc4f2ed8b5d6dbad109ecb8d63748dd2b20ab5e57ebe/psutil-7.2.2.tar.gz", hash = "sha256:0746f5f8d406af344fd547f1c8daa5f5c33dbc293bb8d6a16d80b4bb88f59372", size = 493740, upload-time = "2026-01-28T18:14:54.428Z" }
wheels = [
    { url = "https://files.pythonhosted.org/packages/81/69/ef179ab5ca24f32acc1dac0c247fd6a13b501fd5534dbae0e05a1c48b66d/psutil-7.2.2-cp314-cp314t-macosx_10_15_x86_64.whl", hash = "sha256:eed63d3b4d62449571547b60578c5b2c4bcccc5387148db46e0c2313dad0ee00", size = 130664, upload-time = "2026-01-28T18:15:09.469Z" },
    { url = "https://files.pythonhosted.org/packages/7b/64/665248b557a236d3fa9efc378d60d95ef56dd0a490c2cd37dafc7660d4a9/psutil-7.2.2-cp314-cp314t-macosx_11_0_arm64.whl", hash = "sha256:7b6d09433a10592ce39b13d7be5a54fbac1d1228ed29abc880fb23df7cb694c9", size = 131087, upload-time = "2026-01-28T18:15:11.724Z" },
    { url = "https://files.pythonhosted.org/packages/d5/2e/e6782744700d6759ebce3043dcfa661fb61e2fb752b91cdeae9af12c2178/psutil-7.2.2-cp314-cp314t-manylinux2010_x86_64.manylinux_2_12_x86_64.manylinux_2_28_x86_64.whl", hash = "sha256:1fa4ecf83bcdf6e6c8f4449aff98eefb5d0604bf88cb883d7da3d8d2d909546a", size = 182383, upload-time = "2026-01-28T18:15:13.445Z" },
    { url = "https://files.pythonhosted.org/packages/57/49/0a41cefd10cb7505cdc04dab3eacf24c0c2cb158a998b8c7b1d27ee2c1f5/psutil-7.2.2-cp314-cp314t-manylinux2014_aarch64.manylinux_2_17_aarch64.manylinux_2_28_aarch64.whl", hash = "sha256:e452c464a02e7dc7822a05d25db4cde564444a67e58539a00f929c51eddda0cf", size = 185210, upload-time = "2026-01-28T18:15:16.002Z" },
    { url = "https://files.pythonhosted.org/packages/dd/2c/ff9bfb544f283ba5f83ba725a3c5fec6d6b10b8f27ac1dc641c473dc390d/psutil-7.2.2-cp314-cp314t-win_amd64.whl", hash = "sha256:c7663d4e37f13e884d13994247449e9f8f574bc4655d509c3b95e9ec9e2b9dc1", size = 141228, upload-time = "2026-01-28T18:15:18.385Z" },
    { url = "https://files.pythonhosted.org/packages/f2/fc/f8d9c31db14fcec13748d373e668bc3bed94d9077dbc17fb0eebc073233c/psutil-7.2.2-cp314-cp314t-win_arm64.whl", hash = "sha256:11fe5a4f613759764e79c65cf11ebdf26e33d6dd34336f8a337aa2996d71c841", size = 136284, upload-time = "2026-01-28T18:15:19.912Z" },
    { url = "https://files.pythonhosted.org/packages/e7/36/5ee6e05c9bd427237b11b3937ad82bb8ad2752d72c6969314590dd0c2f6e/psutil-7.2.2-cp36-abi3-macosx_10_9_x86_64.whl", hash = "sha256:ed0cace939114f62738d808fdcecd4c869222507e266e574799e9c0faa17d486", size = 129090, upload-time = "2026-01-28T18:15:22.168Z" },
    { url = "https://files.pythonhosted.org/packages/80/c4/f5af4c1ca8c1eeb2e92ccca14ce8effdeec651d5ab6053c589b074eda6e1/psutil-7.2.2-cp36-abi3-macosx_11_0_arm64.whl", hash = "sha256:1a7b04c10f32cc88ab39cbf606e117fd74721c831c98a27dc04578deb0c16979", size = 129859, upload-time = "2026-01-28T18:15:23.795Z" },
    { url = "https://files.pythonhosted.org/packages/b5/70/5d8df3b09e25bce090399cf48e452d25c935ab72dad19406c77f4e828045/psutil-7.2.2-cp36-abi3-manylinux2010_x86_64.manylinux_2_12_x86_64.manylinux_2_28_x86_64.whl", hash = "sha256:076a2d2f923fd4821644f5ba89f059523da90dc9014e85f8e45a5774ca5bc6f9", size = 155560, upload-time = "2026-01-28T18:15:25.976Z" },
    { url = "https://files.pythonhosted.org/packages/63/65/37648c0c158dc222aba51c089eb3bdfa238e621674dc42d48706e639204f/psutil-7.2.2-cp36-abi3-manylinux2014_aarch64.manylinux_2_17_aarch64.manylinux_2_28_aarch64.whl", hash = "sha256:b0726cecd84f9474419d67252add4ac0cd9811b04d61123054b9fb6f57df6e9e", size = 156997, upload-time = "2026-01-28T18:15:27.794Z" },
    { url = "https://files.pythonhosted.org/packages/8e/13/125093eadae863ce03c6ffdbae9929430d116a246ef69866dad94da3bfbc/psutil-7.2.2-cp36-abi3-musllinux_1_2_aarch64.whl", hash = "sha256:fd04ef36b4a6d599bbdb225dd1d3f51e00105f6d48a28f006da7f9822f2606d8", size = 148972, upload-time = "2026-01-28T18:15:29.342Z" },
    { url = "https://files.pythonhosted.org/packages/04/78/0acd37ca84ce3ddffaa92ef0f571e073faa6d8ff1f0559ab1272188ea2be/psutil-7.2.2-cp36-abi3-musllinux_1_2_x86_64.whl", hash = "sha256:b58fabe35e80b264a4e3bb23e6b96f9e45a3df7fb7eed419ac0e5947c61e47cc", size = 148266, upload-time = "2026-01-28T18:15:31.597Z" },
    { url = "https://files.pythonhosted.org/packages/b4/90/e2159492b5426be0c1fef7acba807a03511f97c5f86b3caeda6ad92351a7/psutil-7.2.2-cp37-abi3-win_amd64.whl", hash = "sha256:eb7e81434c8d223ec4a219b5fc1c47d0417b12be7ea866e24fb5ad6e84b3d988", size = 137737, upload-time = "2026-01-28T18:15:33.849Z" },
    { url = "https://files.pythonhosted.org/packages/8c/c7/7bb2e321574b10df20cbde462a94e2b71d05f9bbda251ef27d104668306a/psutil-7.2.2-cp37-abi3-win_arm64.whl", hash = "sha256:8c233660f575a5a89e6d4cb65d9f938126312bca76d8fe087b947b3a1aaac9ee", size = 134617, upload-time = "2026-01-28T18:15:36.514Z" },
]

[[package]]
name = "py-web-tester"
version = "0.1.0"
source = { virtual = "." }
dependencies = [
    { name = "robotframework" },
    { name = "robotframework-browser" },
]

[package.metadata]
requires-dist = [
    { name = "robotframework", specifier = ">=7.0.0" },
    { name = "robotframework-browser", specifier = ">=0.2.0" },
]

[[package]]
name = "pyyaml"
version = "6.0.3"
source = { registry = "https://pypi.org/simple" }
sdist = { url = "https://files.pythonhosted.org/packages/05/8e/961c0007c59b8dd7729d542c61a4d537767a59645b82a0b521206e1e25c2/pyyaml-6.0.3.tar.gz", hash = "sha256:d76623373421df22fb4cf8817020cbb7ef15c725b9d5e45f17e189bfc384190f", size = 130960, upload-time = "2025-09-25T21:33:16.546Z" }
wheels = [
    { url = "https://files.pythonhosted.org/packages/9d/8c/f4bd7f6465179953d3ac9bc44ac1a8a3e6122cf8ada906b4f96c60172d43/pyyaml-6.0.3-cp314-cp314-macosx_10_13_x86_64.whl", hash = "sha256:8d1fab6bb153a416f9aeb4b8763bc0f22a5586065f86f7664fc23339fc1c1fac", size = 181814, upload-time = "2025-09-25T21:32:35.712Z" },
    { url = "https://files.pythonhosted.org/packages/bd/9c/4d95bb87eb2063d20db7b60faa3840c1b18025517ae857371c4dd55a6b3a/pyyaml-6.0.3-cp314-cp314-macosx_11_0_arm64.whl", hash = "sha256:34d5fcd24b8445fadc33f9cf348c1047101756fd760b4dacb5c3e99755703310", size = 173809, upload-time = "2025-09-25T21:32:36.789Z" },
    { url = "https://files.pythonhosted.org/packages/92/b5/47e807c2623074914e29dabd16cbbdd4bf5e9b2db9f8090fa64411fc5382/pyyaml-6.0.3-cp314-cp314-manylinux2014_aarch64.manylinux_2_17_aarch64.manylinux_2_28_aarch64.whl", hash = "sha256:501a031947e3a9025ed4405a168e6ef5ae3126c59f90ce0cd6f2bfc477be31b7", size = 766454, upload-time = "2025-09-25T21:32:37.966Z" },
    { url = "https://files.pythonhosted.org/packages/02/9e/e5e9b168be58564121efb3de6859c452fccde0ab093d8438905899a3a483/pyyaml-6.0.3-cp314-cp314-manylinux2014_s390x.manylinux_2_17_s390x.manylinux_2_28_s390x.whl", hash = "sha256:b3bc83488de33889877a0f2543ade9f70c67d66d9ebb4ac959502e12de895788", size = 836355, upload-time = "2025-09-25T21:32:39.178Z" },
    { url = "https://files.pythonhosted.org/packages/88/f9/16491d7ed2a919954993e48aa941b200f38040928474c9e85ea9e64222c3/pyyaml-6.0.3-cp314-cp314-manylinux2014_x86_64.manylinux_2_17_x86_64.manylinux_2_28_x86_64.whl", hash = "sha256:c458b6d084f9b935061bc36216e8a69a7e293a2f1e68bf956dcd9e6cbcd143f5", size = 794175, upload-time = "2025-09-25T21:32:40.865Z" },
    { url = "https://files.pythonhosted.org/packages/dd/3f/5989debef34dc6397317802b527dbbafb2b4760878a53d4166579111411e/pyyaml-6.0.3-cp314-cp314-musllinux_1_2_aarch64.whl", hash = "sha256:7c6610def4f163542a622a73fb39f534f8c101d690126992300bf3207eab9764", size = 755228, upload-time = "2025-09-25T21:32:42.084Z" },
    { url = "https://files.pythonhosted.org/packages/d7/ce/af88a49043cd2e265be63d083fc75b27b6ed062f5f9fd6cdc223ad62f03e/pyyaml-6.0.3-cp314-cp314-musllinux_1_2_x86_64.whl", hash = "sha256:5190d403f121660ce8d1d2c1bb2ef1bd05b5f68533fc5c2ea899bd15f4399b35", size = 789194, upload-time = "2025-09-25T21:32:43.362Z" },
    { url = "https://files.pythonhosted.org/packages/23/20/bb6982b26a40bb43951265ba29d4c246ef0ff59c9fdcdf0ed04e0687de4d/pyyaml-6.0.3-cp314-cp314-win_amd64.whl", hash = "sha256:4a2e8cebe2ff6ab7d1050ecd59c25d4c8bd7e6f400f5f82b96557ac0abafd0ac", size = 156429, upload-time = "2025-09-25T21:32:57.844Z" },
    { url = "https://files.pythonhosted.org/packages/f4/f4/a4541072bb9422c8a883ab55255f918fa378ecf083f5b85e87fc2b4eda1b/pyyaml-6.0.3-cp314-cp314-win_arm64.whl", hash = "sha256:93dda82c9c22deb0a405ea4dc5f2d0cda384168e466364dec6255b293923b2f3", size = 143912, upload-time = "2025-09-25T21:32:59.247Z" },
    { url = "https://files.pythonhosted.org/packages/7c/f9/07dd09ae774e4616edf6cda684ee78f97777bdd15847253637a6f052a62f/pyyaml-6.0.3-cp314-cp314t-macosx_10_13_x86_64.whl", hash = "sha256:02893d100e99e03eda1c8fd5c441d8c60103fd175728e23e431db1b589cf5ab3", size = 189108, upload-time = "2025-09-25T21:32:44.377Z" },
    { url = "https://files.pythonhosted.org/packages/4e/78/8d08c9fb7ce09ad8c38ad533c1191cf27f7ae1effe5bb9400a46d9437fcf/pyyaml-6.0.3-cp314-cp314t-macosx_11_0_arm64.whl", hash = "sha256:c1ff362665ae507275af2853520967820d9124984e0f7466736aea23d8611fba", size = 183641, upload-time = "2025-09-25T21:32:45.407Z" },
    { url = "https://files.pythonhosted.org/packages/7b/5b/3babb19104a46945cf816d047db2788bcaf8c94527a805610b0289a01c6b/pyyaml-6.0.3-cp314-cp314t-manylinux2014_aarch64.manylinux_2_17_aarch64.manylinux_2_28_aarch64.whl", hash = "sha256:6adc77889b628398debc7b65c073bcb99c4a0237b248cacaf3fe8a557563ef6c", size = 831901, upload-time = "2025-09-25T21:32:48.83Z" },
    { url = "https://files.pythonhosted.org/packages/8b/cc/dff0684d8dc44da4d22a13f35f073d558c268780ce3c6ba1b87055bb0b87/pyyaml-6.0.3-cp314-cp314t-manylinux2014_s390x.manylinux_2_17_s390x.manylinux_2_28_s390x.whl", hash = "sha256:a80cb027f6b349846a3bf6d73b5e95e782175e52f22108cfa17876aaeff93702", size = 861132, upload-time = "2025-09-25T21:32:50.149Z" },
    { url = "https://files.pythonhosted.org/packages/b1/5e/f77dc6b9036943e285ba76b49e118d9ea929885becb0a29ba8a7c75e29fe/pyyaml-6.0.3-cp314-cp314t-manylinux2014_x86_64.manylinux_2_17_x86_64.manylinux_2_28_x86_64.whl", hash = "sha256:00c4bdeba853cc34e7dd471f16b4114f4162dc03e6b7afcc2128711f0eca823c", size = 839261, upload-time = "2025-09-25T21:32:51.808Z" },
    { url = "https://files.pythonhosted.org/packages/ce/88/a9db1376aa2a228197c58b37302f284b5617f56a5d959fd1763fb1675ce6/pyyaml-6.0.3-cp314-cp314t-musllinux_1_2_aarch64.whl", hash = "sha256:66e1674c3ef6f541c35191caae2d429b967b99e02040f5ba928632d9a7f0f065", size = 805272, upload-time = "2025-09-25T21:32:52.941Z" },
    { url = "https://files.pythonhosted.org/packages/da/92/1446574745d74df0c92e6aa4a7b0b3130706a4142b2d1a5869f2eaa423c6/pyyaml-6.0.3-cp314-cp314t-musllinux_1_2_x86_64.whl", hash = "sha256:16249ee61e95f858e83976573de0f5b2893b3677ba71c9dd36b9cf8be9ac6d65", size = 829923, upload-time = "2025-09-25T21:32:54.537Z" },
    { url = "https://files.pythonhosted.org/packages/f0/7a/1c7270340330e575b92f397352af856a8c06f230aa3e76f86b39d01b416a/pyyaml-6.0.3-cp314-cp314t-win_amd64.whl", hash = "sha256:4ad1906908f2f5ae4e5a8ddfce73c320c2a1429ec52eafd27138b7f1cbe341c9", size = 174062, upload-time = "2025-09-25T21:32:55.767Z" },
    { url = "https://files.pythonhosted.org/packages/f1/12/de94a39c2ef588c7e6455cfbe7343d3b2dc9d6b6b2f40c4c6565744c873d/pyyaml-6.0.3-cp314-cp314t-win_arm64.whl", hash = "sha256:ebc55a14a21cb14062aa4162f906cd962b28e2e9ea38f9b4391244cd8de4ae0b", size = 149341, upload-time = "2025-09-25T21:32:56.828Z" },
]

[[package]]
name = "robotframework"
version = "7.4.2"
source = { registry = "https://pypi.org/simple" }
sdist = { url = "https://files.pythonhosted.org/packages/19/f3/ad51daf85d95848831601851598640f951a47a9f9de88039235cf58c5bb9/robotframework-7.4.2.tar.gz", hash = "sha256:1c934e7f43600de407860cd2bd2fdc41adad4a4a785d8b46b1ed485fdc0f6c9f", size = 654405, upload-time = "2026-03-03T16:28:54.899Z" }
wheels = [
    { url = "https://files.pythonhosted.org/packages/ef/35/fd2385b15f6d814f1801bcbd3d54b4c61a1bfc3a1a0fe023dc15551c5fe4/robotframework-7.4.2-py3-none-any.whl", hash = "sha256:6e80f84cdc997bdde2abb6b729ac3531457ecf6d2e41abfb87a541877ab367bf", size = 807056, upload-time = "2026-03-03T16:28:51.638Z" },
]

[[package]]
name = "robotframework-assertion-engine"
version = "5.0.1"
source = { registry = "https://pypi.org/simple" }
dependencies = [
    { name = "robotframework" },
    { name = "robotframework-pythonlibcore" },
]
sdist = { url = "https://files.pythonhosted.org/packages/a8/2d/2ab475562a50685e563c492b205fca53fa2e9459572fb177c9b9d4c83ab5/robotframework_assertion_engine-5.0.1.tar.gz", hash = "sha256:f8c1dd2757064808a432558f46a395da942f223d74a110419fc689992f9d600e", size = 13686, upload-time = "2026-06-04T12:48:04.35Z" }
wheels = [
    { url = "https://files.pythonhosted.org/packages/53/c6/6e631505e8c74a435c8b8e97fa7f5edb49ebe29b25cea8f4595546453014/robotframework_assertion_engine-5.0.1-py3-none-any.whl", hash = "sha256:04e96205213221e190252c487affe32c22aad78c6176a4b0d5e4ff7e67336394", size = 14161, upload-time = "2026-06-04T12:48:03.159Z" },
]

[[package]]
name = "robotframework-browser"
version = "20.3.0"
source = { registry = "https://pypi.org/simple" }
dependencies = [
    { name = "click" },
    { name = "grpcio" },
    { name = "grpcio-tools" },
    { name = "overrides" },
    { name = "protobuf" },
    { name = "psutil" },
    { name = "pyyaml" },
    { name = "robotframework" },
    { name = "robotframework-assertion-engine" },
    { name = "robotframework-pythonlibcore" },
    { name = "seedir" },
    { name = "wrapt" },
]
wheels = [
    { url = "https://files.pythonhosted.org/packages/c1/0f/29fbb547a822459e5924619048f013f66ecb911fe765df42b3d2b95d9f93/robotframework_browser-20.3.0-py3-none-any.whl", hash = "sha256:36efd3f4698a962413c8a10108e9a0e6b05123379b2603dc767336b10d9dd6ff", size = 416414, upload-time = "2026-08-07T13:11:30.385Z" },
]

[[package]]
name = "robotframework-pythonlibcore"
version = "4.6.0"
source = { registry = "https://pypi.org/simple" }
sdist = { url = "https://files.pythonhosted.org/packages/48/58/dd3fb5cfd3ff1659e778c5fba61c54451eb3c9c1bca5cea1c7925bf163d1/robotframework_pythonlibcore-4.6.0.tar.gz", hash = "sha256:c45acbdf781b35a5cbac8e1c019fedab87d99f34ff29a6c99b774fbd95313f27", size = 14196, upload-time = "2026-05-14T19:27:21.871Z" }
wheels = [
    { url = "https://files.pythonhosted.org/packages/dc/b5/188f79e1d6ba281880a6817156d2fa8b89a1e034f6be0390425f4fb2969b/robotframework_pythonlibcore-4.6.0-py3-none-any.whl", hash = "sha256:db8d707961a0b83a5497d9c02b8919805e47b73907d0a588c79593518dc133a7", size = 20330, upload-time = "2026-05-14T19:27:20.595Z" },
]

[[package]]
name = "seedir"
version = "0.5.1"
source = { registry = "https://pypi.org/simple" }
dependencies = [
    { name = "natsort" },
]
sdist = { url = "https://files.pythonhosted.org/packages/1f/cf/52840f80bf568870e5385aedcd7a902feadcc1a11cbe7b168986d93fed6a/seedir-0.5.1.tar.gz", hash = "sha256:9fb82a6133f92a711bb2d46b2a142f56712e242a4fc03fef2fea9418d307efe2", size = 116403, upload-time = "2025-06-04T02:30:28.483Z" }
wheels = [
    { url = "https://files.pythonhosted.org/packages/7e/6e/f6e510f8ee4171b5b9cf2321094b74722a39d6d2e19b0bfea57f7b974a56/seedir-0.5.1-py3-none-any.whl", hash = "sha256:76ba4e6c9d85930166fa127b31efcbf8ccb471ed38624e728f4eb22e47e7b1a4", size = 113992, upload-time = "2025-06-04T02:30:26.878Z" },
]

[[package]]
name = "setuptools"
version = "84.0.0"
source = { registry = "https://pypi.org/simple" }
sdist = { url = "https://files.pythonhosted.org/packages/6d/44/f5da03a8ef95d369145c5bb53050e7877c9f3d312e128605fd9504829143/setuptools-84.0.0.tar.gz", hash = "sha256:f4695c21257f0d9b537ec2692c941d02ee143b7cc1276941349a546573b2ef73", size = 1168449, upload-time = "2026-08-08T18:27:58.365Z" }
wheels = [
    { url = "https://files.pythonhosted.org/packages/95/9c/c510029fc6ef33a6275cd2c5d3cecd6613dfd6aa401d57c54f1c18852ccf/setuptools-84.0.0-py3-none-any.whl", hash = "sha256:51a52592b3b99e102b609654876bd65f19f999935166d1352678931132b0c670", size = 818216, upload-time = "2026-08-08T18:27:56.719Z" },
]

[[package]]
name = "typing-extensions"
version = "4.16.0"
source = { registry = "https://pypi.org/simple" }
sdist = { url = "https://files.pythonhosted.org/packages/f6/cc/6253133b5bb138fc3306cebfbda2c520f545d36b5be2c7255cc528bb45d6/typing_extensions-4.16.0.tar.gz", hash = "sha256:dc983d19a509c94dba722ee6abd33940f7c05a89e243c47e907eb4db6f1a43e5", size = 113555, upload-time = "2026-07-02T08:40:05.92Z" }
wheels = [
    { url = "https://files.pythonhosted.org/packages/49/d3/b8441a820a491ddfc024b0b0cf0393375b75ea13866d9c66727e54c2fc80/typing_extensions-4.16.0-py3-none-any.whl", hash = "sha256:481caa481374e813c1b176ada14e97f1f67a4539ce9cfeb3f350d78d6370c2e8", size = 45571, upload-time = "2026-07-02T08:40:04.659Z" },
]

[[package]]
name = "wrapt"
version = "2.3.0"
source = { registry = "https://pypi.org/simple" }
sdist = { url = "https://files.pythonhosted.org/packages/2b/b0/c1f5a970721f06b85c0cd5142e0ff8fe067708abd779b0c4f4be7d61d09f/wrapt-2.3.0.tar.gz", hash = "sha256:681a2d0eefd721998f90642762b8e75c2159ec531b20ad5e437245ea7b06a107", size = 131509, upload-time = "2026-07-28T06:06:14.895Z" }
wheels = [
    { url = "https://files.pythonhosted.org/packages/58/10/b073beaea89bc0d3670a75ff51139430a54b6af7ba7796507730634536dd/wrapt-2.3.0-cp314-cp314-macosx_10_15_x86_64.whl", hash = "sha256:ea52a0d0f08c584943d5764be0e84efa912c8da23c23e1e285ff2f5641c18fcc", size = 81978, upload-time = "2026-07-28T06:05:21.133Z" },
    { url = "https://files.pythonhosted.org/packages/b3/31/0916d9cebf848ed3f1a0c1888faee421747df77331e4db2bc527a9a85988/wrapt-2.3.0-cp314-cp314-macosx_11_0_arm64.whl", hash = "sha256:fd85b0aa88efdb189d6ae2f35f4526943a8f091c38599c9c31478241c819e6a1", size = 82518, upload-time = "2026-07-28T06:05:22.562Z" },
    { url = "https://files.pythonhosted.org/packages/f5/73/31c1bf0f3384062751c2094dadb314916d70aa9b6bfd26d994b4a7b393fa/wrapt-2.3.0-cp314-cp314-manylinux1_x86_64.manylinux_2_28_x86_64.manylinux_2_5_x86_64.whl", hash = "sha256:141ed6211286a9660d8d6702de598b43f0934b4f0eda16393f100a80f501d945", size = 170187, upload-time = "2026-07-28T06:05:23.904Z" },
    { url = "https://files.pythonhosted.org/packages/ed/25/fce087d54b79b8905f3c3c9dd5f454bbd8d8acb80b960c4a6aee5b4659b3/wrapt-2.3.0-cp314-cp314-manylinux2014_aarch64.manylinux_2_17_aarch64.manylinux_2_28_aarch64.whl", hash = "sha256:2e49885a62ec4ee854d1b9e6371fda6afd219917225752abf729a3f36d4df9a5", size = 169288, upload-time = "2026-07-28T06:05:25.378Z" },
    { url = "https://files.pythonhosted.org/packages/c7/30/0d09e6dddc6b7a7230ac77f50254b5980ab4fcd22976f72f8cc8a0404458/wrapt-2.3.0-cp314-cp314-manylinux_2_31_riscv64.manylinux_2_39_riscv64.whl", hash = "sha256:1d6159c9b2fefec02314e1332dbbbfaf960e369dfd26bcf7f8b258b5732065b3", size = 160932, upload-time = "2026-07-28T06:05:27.022Z" },
    { url = "https://files.pythonhosted.org/packages/2c/ca/0913af0d2ec0c43865d32d615f518fea66c13c5c930e489e9b0de248e9a8/wrapt-2.3.0-cp314-cp314-musllinux_1_2_aarch64.whl", hash = "sha256:24da48596326ef8e448cfa837b454f638713d3531262375f00e5a9681682fc07", size = 169017, upload-time = "2026-07-28T06:05:28.501Z" },
    { url = "https://files.pythonhosted.org/packages/c3/f2/3d1e47ea81b822210f5df1bf942fd90780a75c055243d569b664529dea88/wrapt-2.3.0-cp314-cp314-musllinux_1_2_riscv64.whl", hash = "sha256:cd3a2edf0427013736b8127955cec62608c56e53ea47e82812ea32059cda407f", size = 159065, upload-time = "2026-07-28T06:05:30.01Z" },
    { url = "https://files.pythonhosted.org/packages/43/a5/ef2066ced8e5fca204e2b361e9708e36555b40949c583d997ea3b590817d/wrapt-2.3.0-cp314-cp314-musllinux_1_2_x86_64.whl", hash = "sha256:4fa0df3bff4e7ce45759f33fd39335fe2f60477bb9ecf7b8aa41e7d07ee36a23", size = 168821, upload-time = "2026-07-28T06:05:31.649Z" },
    { url = "https://files.pythonhosted.org/packages/d5/e1/016104650d4e572fa91506eb396b3dd8efbccc9284fdc1c9479c3d21db28/wrapt-2.3.0-cp314-cp314-win32.whl", hash = "sha256:2935d5454b3f179a29b12cf390ee47246740ba2c3a7545b1b46ba31a5f2a4a0b", size = 78700, upload-time = "2026-07-28T06:05:33.391Z" },
    { url = "https://files.pythonhosted.org/packages/3d/97/6fdc20a9f2ca304748b3f0819cbf377d55260562777bf0b615431bc3c181/wrapt-2.3.0-cp314-cp314-win_amd64.whl", hash = "sha256:cc2cea812e5cb179a796b766747e7d3b21088760d8deb95676d482b8c8e6fa7d", size = 81422, upload-time = "2026-07-28T06:05:34.774Z" },
    { url = "https://files.pythonhosted.org/packages/5e/a4/9cbd53bf05746bea2c392af39cb052427a8ec95cbd494d930733d8f44681/wrapt-2.3.0-cp314-cp314-win_arm64.whl", hash = "sha256:22cc5c0a717bd4da87018ae0bffd4c19c6fb679d3ff357216ba566ab26c76cab", size = 80639, upload-time = "2026-07-28T06:05:36.228Z" },
    { url = "https://files.pythonhosted.org/packages/43/bb/6c5e4a0f66ea0d2b2dd267e8dd05a0014eea56840b3c8595d40b0a5d1f91/wrapt-2.3.0-cp314-cp314t-macosx_10_15_x86_64.whl", hash = "sha256:a6b5984cd65dd639546f0eb4b8eacf1c31cb2fe9fb5c27bffe240987cdb2cf84", size = 84030, upload-time = "2026-07-28T06:05:37.714Z" },
    { url = "https://files.pythonhosted.org/packages/6a/eb/a1aedf03283bc9cbf8a1783995ddc54e3c5a86878f19002d2c428494f4c5/wrapt-2.3.0-cp314-cp314t-macosx_11_0_arm64.whl", hash = "sha256:c88abcf53daef80e01a75c7530e727fa6e2c1888fe83e3dcdba4c96216a1f5c7", size = 84419, upload-time = "2026-07-28T06:05:39.131Z" },
    { url = "https://files.pythonhosted.org/packages/63/61/50d511c0dc5105563849e86daa3e16ac7feef699f79fb05af45ea70107d5/wrapt-2.3.0-cp314-cp314t-manylinux1_x86_64.manylinux_2_28_x86_64.manylinux_2_5_x86_64.whl", hash = "sha256:85de890ff968196e92dd1ae73a9fb8970495e7650a457b1c9ef0ac3dd550bce2", size = 207171, upload-time = "2026-07-28T06:05:40.69Z" },
    { url = "https://files.pythonhosted.org/packages/3f/59/9b538cf7795217e810699d16bc88b96a830d9b5c403eb2ec2db6b5f2ae81/wrapt-2.3.0-cp314-cp314t-manylinux2014_aarch64.manylinux_2_17_aarch64.manylinux_2_28_aarch64.whl", hash = "sha256:50f416b74d092bb9f41b424e90dd457f365f7ba4b11de62a23679769a21bd85c", size = 214329, upload-time = "2026-07-28T06:05:42.287Z" },
    { url = "https://files.pythonhosted.org/packages/b3/28/9935d62b1499e5c8b3d191e99ba4eb31ca237a0b699142011a837e9dc7ea/wrapt-2.3.0-cp314-cp314t-manylinux_2_31_riscv64.manylinux_2_39_riscv64.whl", hash = "sha256:39febbee6d77301d31da6996b152ce52452da7c7ef72aba10c2fa976dff9c295", size = 199079, upload-time = "2026-07-28T06:05:43.958Z" },
    { url = "https://files.pythonhosted.org/packages/2b/01/4446b80fa2ffa47a3449b250d004ba1c1937f07f64a179608fec735df866/wrapt-2.3.0-cp314-cp314t-musllinux_1_2_aarch64.whl", hash = "sha256:93513bec052c6cd987f9f580c3df068c8bc4ebae6543736be3ca7ec5959cafcd", size = 209992, upload-time = "2026-07-28T06:05:45.677Z" },
    { url = "https://files.pythonhosted.org/packages/d4/07/56f26c9f9979586a021e8148747004aba4498f49458c90b0502969b904e1/wrapt-2.3.0-cp314-cp314t-musllinux_1_2_riscv64.whl", hash = "sha256:729126e667da34d251b8ebf8a45ef0c5ddadc21542b3d6e1abf4259ece6508df", size = 196334, upload-time = "2026-07-28T06:05:47.608Z" },
    { url = "https://files.pythonhosted.org/packages/8b/41/6d7bcc895b0f28b2250e10908f060687b9165429dcd7f22ddb3d4c031b74/wrapt-2.3.0-cp314-cp314t-musllinux_1_2_x86_64.whl", hash = "sha256:626b69db2021aa01671ec7bbc9740e558522bd44c18cf2ce69bf3d666a014109", size = 202644, upload-time = "2026-07-28T06:05:49.183Z" },
    { url = "https://files.pythonhosted.org/packages/cd/25/7860927edba06b758b8852a6f02e832be715563c67a6795d94350bc81099/wrapt-2.3.0-cp314-cp314t-win32.whl", hash = "sha256:629d73378082c00a8173031f9fb30a3ac6abbc894a5bfdfae71fabc60642d501", size = 79685, upload-time = "2026-07-28T06:05:50.976Z" },
    { url = "https://files.pythonhosted.org/packages/c4/0f/270bafe92fde3b069a39bc01e39ee79340895b335640df861d43d2a51885/wrapt-2.3.0-cp314-cp314t-win_amd64.whl", hash = "sha256:42869085687f0aefd57c0f636c3f9354f8ffb321a8ba9cb52d19beb796e561c5", size = 83104, upload-time = "2026-07-28T06:05:52.405Z" },
    { url = "https://files.pythonhosted.org/packages/55/b3/af176d79a8515a8a720eccdad9a96f6e31a30abf2865430c8c42adf2fd13/wrapt-2.3.0-cp314-cp314t-win_arm64.whl", hash = "sha256:b1e5aa486e269b00ed35e64771c7d0ab8096cfd2643405ca8cd60ebedc099a51", size = 81774, upload-time = "2026-07-28T06:05:53.902Z" },
    { url = "https://files.pythonhosted.org/packages/00/39/3daf9f47be208606586de4568ba6713db53ebc8fd7a575aea1fe57983b69/wrapt-2.3.0-py3-none-any.whl", hash = "sha256:d8c7ed08477429752b8c44991f40ad7838b18332a160698740a6bfbc10d998a2", size = 61866, upload-time = "2026-07-28T06:06:12.9Z" },
]
